
Microsoft Visual Studio Solution File, Format Version 12.00
# Visual Studio Version 17
VisualStudioVersion = 17.2.32602.215
MinimumVisualStudioVersion = 10.0.40219.1
Project("{FAE04EC0-301F-11D3-BF4B-00C04F79EFBC}") = "RevitAPI23", "RevitAPI23\RevitAPI23.csproj", "{188EB673-1627-4076-B48D-8A2251C00DCE}"
EndProject
Global
	GlobalSection(SolutionConfigurationPlatforms) = preSolution
		Debug|Any CPU = Debug|Any CPU
		Release|Any CPU = Release|Any CPU
	EndGlobalSection
	GlobalSection(ProjectConfigurationPlatforms) = postSolution
		{188EB673-1627-4076-B48D-8A2251C00DCE}.Debug|Any CPU.ActiveCfg = Debug|Any CPU
		{188EB673-1627-4076-B48D-8A2251C00DCE}.Debug|Any CPU.Build.0 = Debug|Any CPU
		{188EB673-1627-4076-B48D-8A2251C00DCE}.Release|Any CPU.ActiveCfg = Release|Any CPU
		{188EB673-1627-4076-B48D-8A2251C00DCE}.Release|Any CPU.Build.0 = Release|Any CPU
	EndGlobalSection
	GlobalSection(SolutionProperties) = preSolution
		HideSolutionNode = FALSE
	EndGlobalSection
	GlobalSection(ExtensibilityGlobals) = postSolution
		SolutionGuid = {E190165B-CD34-4C4D-AF1E-C012CEE6FA50}
	EndGlobalSection
EndGlobal
